
Microsoft Visual Studio Solution File, Format Version 12.00
# Visual Studio Version 17
VisualStudioVersion = 17.5.33516.290
MinimumVisualStudioVersion = 10.0.40219.1
Project("{FAE04EC0-301F-11D3-BF4B-00C04F79EFBC}") = "asd.consola", "asd.consola\asd.consola.csproj", "{331043AF-6E32-4514-B5E7-D89EF2F88A6B}"
EndProject
Global
	GlobalSection(SolutionConfigurationPlatforms) = preSolution
		Debug|Any CPU = Debug|Any CPU
		Release|Any CPU = Release|Any CPU
	EndGlobalSection
	GlobalSection(ProjectConfigurationPlatforms) = postSolution
		{331043AF-6E32-4514-B5E7-D89EF2F88A6B}.Debug|Any CPU.ActiveCfg = Debug|Any CPU
		{331043AF-6E32-4514-B5E7-D89EF2F88A6B}.Debug|Any CPU.Build.0 = Debug|Any CPU
		{331043AF-6E32-4514-B5E7-D89EF2F88A6B}.Release|Any CPU.ActiveCfg = Release|Any CPU
		{331043AF-6E32-4514-B5E7-D89EF2F88A6B}.Release|Any CPU.Build.0 = Release|Any CPU
	EndGlobalSection
	GlobalSection(SolutionProperties) = preSolution
		HideSolutionNode = FALSE
	EndGlobalSection
	GlobalSection(ExtensibilityGlobals) = postSolution
		SolutionGuid = {01E56E37-9AAD-4D67-B25D-751F247055FD}
	EndGlobalSection
EndGlobal
